
Microsoft Visual Studio Solution File, Format Version 12.00
# Visual Studio Version 17
VisualStudioVersion = 17.11.35222.181
MinimumVisualStudioVersion = 10.0.40219.1
Project("{FAE04EC0-301F-11D3-BF4B-00C04F79EFBC}") = "Test", "Test.csproj", "{2D061452-6347-4050-828E-218B1B17E271}"
EndProject
Global
	GlobalSection(SolutionConfigurationPlatforms) = preSolution
		Debug|Any CPU = Debug|Any CPU
		Release|Any CPU = Release|Any CPU
	EndGlobalSection
	GlobalSection(ProjectConfigurationPlatforms) = postSolution
		{2D061452-6347-4050-828E-218B1B17E271}.Debug|Any CPU.ActiveCfg = Debug|Any CPU
		{2D061452-6347-4050-828E-218B1B17E271}.Debug|Any CPU.Build.0 = Debug|Any CPU
		{2D061452-6347-4050-828E-218B1B17E271}.Release|Any CPU.ActiveCfg = Release|Any CPU
		{2D061452-6347-4050-828E-218B1B17E271}.Release|Any CPU.Build.0 = Release|Any CPU
	EndGlobalSection
	GlobalSection(SolutionProperties) = preSolution
		HideSolutionNode = FALSE
	EndGlobalSection
	GlobalSection(ExtensibilityGlobals) = postSolution
		SolutionGuid = {DEE1DCCB-D12F-44D0-935C-11807C8DFB40}
	EndGlobalSection
EndGlobal
